
Microsoft Visual Studio Solution File, Format Version 12.00
# Visual Studio Version 16
VisualStudioVersion = 16.0.29409.12
MinimumVisualStudioVersion = 10.0.40219.1
Project("{8BC9CEB8-8B4A-11D0-8D11-00A0C91BC942}") = "DiscordOverlayHook", "DiscordOverlayHook.vcxproj", "{8E966B2D-EBD6-4EEB-B0E1-510883909AEF}"
EndProject
Global
	GlobalSection(SolutionConfigurationPlatforms) = preSolution
		Release|x64 = Release|x64
	EndGlobalSection
	GlobalSection(ProjectConfigurationPlatforms) = postSolution
		{8E966B2D-EBD6-4EEB-B0E1-510883909AEF}.Release|x64.ActiveCfg = Release|x64
		{8E966B2D-EBD6-4EEB-B0E1-510883909AEF}.Release|x64.Build.0 = Release|x64
	EndGlobalSection
	GlobalSection(SolutionProperties) = preSolution
		HideSolutionNode = FALSE
	EndGlobalSection
	GlobalSection(ExtensibilityGlobals) = postSolution
		SolutionGuid = {675EF9C1-39E7-4B6F-A346-571EEE621DB7}
	EndGlobalSection
EndGlobal
